
Microsoft Visual Studio Solution File, Format Version 12.00
# Visual Studio Version 17
VisualStudioVersion = 17.4.33205.214
MinimumVisualStudioVersion = 10.0.40219.1
Project("{FAE04EC0-301F-11D3-BF4B-00C04F79EFBC}") = "ReadAndWrite", "ReadAndWrite\ReadAndWrite.csproj", "{3D9D72D2-8493-42CB-9E4A-5A386290F585}"
EndProject
Global
	GlobalSection(SolutionConfigurationPlatforms) = preSolution
		Debug|Any CPU = Debug|Any CPU
		Release|Any CPU = Release|Any CPU
	EndGlobalSection
	GlobalSection(ProjectConfigurationPlatforms) = postSolution
		{3D9D72D2-8493-42CB-9E4A-5A386290F585}.Debug|Any CPU.ActiveCfg = Debug|Any CPU
		{3D9D72D2-8493-42CB-9E4A-5A386290F585}.Debug|Any CPU.Build.0 = Debug|Any CPU
		{3D9D72D2-8493-42CB-9E4A-5A386290F585}.Release|Any CPU.ActiveCfg = Release|Any CPU
		{3D9D72D2-8493-42CB-9E4A-5A386290F585}.Release|Any CPU.Build.0 = Release|Any CPU
	EndGlobalSection
	GlobalSection(SolutionProperties) = preSolution
		HideSolutionNode = FALSE
	EndGlobalSection
	GlobalSection(ExtensibilityGlobals) = postSolution
		SolutionGuid = {C87C8236-C2B8-4BEE-8154-8935DC199D66}
	EndGlobalSection
EndGlobal
